
Microsoft Visual Studio Solution File, Format Version 12.00
# Visual Studio Version 17
VisualStudioVersion = 17.14.36616.10 d17.14
MinimumVisualStudioVersion = 10.0.40219.1
Project("{FAE04EC0-301F-11D3-BF4B-00C04F79EFBC}") = "ParkingAPI", "ParkingAPI\ParkingAPI.csproj", "{FB88206C-A279-409F-ACB4-515883DAA053}"
EndProject
Project("{FAE04EC0-301F-11D3-BF4B-00C04F79EFBC}") = "ParkingApi.Test", "ParkingApi.Test\ParkingApi.Test.csproj", "{B5EE5E45-643F-4B80-B712-AC800DEE024D}"
EndProject
Global
	GlobalSection(SolutionConfigurationPlatforms) = preSolution
		Debug|Any CPU = Debug|Any CPU
		Release|Any CPU = Release|Any CPU
	EndGlobalSection
	GlobalSection(ProjectConfigurationPlatforms) = postSolution
		{FB88206C-A279-409F-ACB4-515883DAA053}.Debug|Any CPU.ActiveCfg = Debug|Any CPU
		{FB88206C-A279-409F-ACB4-515883DAA053}.Debug|Any CPU.Build.0 = Debug|Any CPU
		{FB88206C-A279-409F-ACB4-515883DAA053}.Release|Any CPU.ActiveCfg = Release|Any CPU
		{FB88206C-A279-409F-ACB4-515883DAA053}.Release|Any CPU.Build.0 = Release|Any CPU
		{B5EE5E45-643F-4B80-B712-AC800DEE024D}.Debug|Any CPU.ActiveCfg = Debug|Any CPU
		{B5EE5E45-643F-4B80-B712-AC800DEE024D}.Debug|Any CPU.Build.0 = Debug|Any CPU
		{B5EE5E45-643F-4B80-B712-AC800DEE024D}.Release|Any CPU.ActiveCfg = Release|Any CPU
		{B5EE5E45-643F-4B80-B712-AC800DEE024D}.Release|Any CPU.Build.0 = Release|Any CPU
	EndGlobalSection
	GlobalSection(SolutionProperties) = preSolution
		HideSolutionNode = FALSE
	EndGlobalSection
	GlobalSection(ExtensibilityGlobals) = postSolution
		SolutionGuid = {36B44A1A-A67B-4724-9EFC-75A871426BE7}
	EndGlobalSection
EndGlobal
